{
  "nodes": {
    "agenix": {
      "inputs": {
        "darwin": "darwin",
        "home-manager": "home-manager",
        "nixpkgs": [
          "qhorgues-config",
          "nixpkgs"
        ],
        "systems": "systems"
      },
      "locked": {
        "lastModified": 1770165109,
        "narHash": "sha256-9VnK6Oqai65puVJ4WYtCTvlJeXxMzAp/69HhQuTdl/I=",
        "owner": "ryantm",
        "repo": "agenix",
        "rev": "b027ee29d959fda4b60b57566d64c98a202e0feb",
        "type": "github"
      },
      "original": {
        "owner": "ryantm",
        "repo": "agenix",
        "type": "github"
      }
    },
    "cachyos-kernel": {
      "flake": false,
      "locked": {
        "lastModified": 1778227630,
        "narHash": "sha256-IZIpCvjTLn6dzgFa6vOB6rUkMp3gktQy8suVXkPfvSg=",
        "owner": "CachyOS",
        "repo": "linux-cachyos",
        "rev": "24da68625ce48a4ea1b28996050f1229e7bc78a2",
        "type": "github"
      },
      "original": {
        "owner": "CachyOS",
        "repo": "linux-cachyos",
        "type": "github"
      }
    },
    "cachyos-kernel-patches": {
      "flake": false,
      "locked": {
        "lastModified": 1777876120,
        "narHash": "sha256-fdFgVCoua3rsQyyHkgxcnwi0hUktR8UtcI/suS8jcbg=",
        "owner": "CachyOS",
        "repo": "kernel-patches",
        "rev": "e80ce8172953b8c199daf6a2850974bb12731ae9",
        "type": "github"
      },
      "original": {
        "owner": "CachyOS",
        "repo": "kernel-patches",
        "type": "github"
      }
    },
    "coe33": {
      "inputs": {
        "crane": "crane",
        "flake-utils": "flake-utils",
        "nixpkgs": [
          "qhorgues-config",
          "nixpkgs"
        ]
      },
      "locked": {
        "lastModified": 1775161416,
        "narHash": "sha256-9ClGsgneUqaJ/KPRtfHiCXHuyw0hBBYuK+erTC0cp8U=",
        "owner": "qhorgues",
        "repo": "CO-E33-Save-Editor",
        "rev": "05b457a8952f53c853bbec032fb5da28d61d2d1d",
        "type": "github"
      },
      "original": {
        "owner": "qhorgues",
        "repo": "CO-E33-Save-Editor",
        "type": "github"
      }
    },
    "crane": {
      "locked": {
        "lastModified": 1774313767,
        "narHash": "sha256-hy0XTQND6avzGEUFrJtYBBpFa/POiiaGBr2vpU6Y9tY=",
        "owner": "ipetkov",
        "repo": "crane",
        "rev": "3d9df76e29656c679c744968b17fbaf28f0e923d",
        "type": "github"
      },
      "original": {
        "owner": "ipetkov",
        "repo": "crane",
        "type": "github"
      }
    },
    "darwin": {
      "inputs": {
        "nixpkgs": [
          "qhorgues-config",
          "agenix",
          "nixpkgs"
        ]
      },
      "locked": {
        "lastModified": 1744478979,
        "narHash": "sha256-dyN+teG9G82G+m+PX/aSAagkC+vUv0SgUw3XkPhQodQ=",
        "owner": "lnl7",
        "repo": "nix-darwin",
        "rev": "43975d782b418ebf4969e9ccba82466728c2851b",
        "type": "github"
      },
      "original": {
        "owner": "lnl7",
        "ref": "master",
        "repo": "nix-darwin",
        "type": "github"
      }
    },
    "firefox-addons": {
      "inputs": {
        "nixpkgs": [
          "qhorgues-config",
          "nixpkgs"
        ]
      },
      "locked": {
        "dir": "pkgs/firefox-addons",
        "lastModified": 1778558563,
        "narHash": "sha256-pT6KVIDxQYymtHC9ix6U/NTBUYJhYRX81Ou/9nAUSgc=",
        "owner": "rycee",
        "repo": "nur-expressions",
        "rev": "f52067bf63247b39b81917d34d74f7c0a9344f05",
        "type": "gitlab"
      },
      "original": {
        "dir": "pkgs/firefox-addons",
        "owner": "rycee",
        "repo": "nur-expressions",
        "type": "gitlab"
      }
    },
    "flake-compat": {
      "flake": false,
      "locked": {
        "lastModified": 1767039857,
        "narHash": "sha256-vNpUSpF5Nuw8xvDLj2KCwwksIbjua2LZCqhV1LNRDns=",
        "owner": "NixOS",
        "repo": "flake-compat",
        "rev": "5edf11c44bc78a0d334f6334cdaf7d60d732daab",
        "type": "github"
      },
      "original": {
        "owner": "NixOS",
        "repo": "flake-compat",
        "type": "github"
      }
    },
    "flake-parts": {
      "inputs": {
        "nixpkgs-lib": "nixpkgs-lib"
      },
      "locked": {
        "lastModified": 1777988971,
        "narHash": "sha256-qIoWPDs+0/8JecyYgE3gpKQxW/4bLW/gp45vow9ioCQ=",
        "owner": "hercules-ci",
        "repo": "flake-parts",
        "rev": "0678d8986be1661af6bb555f3489f2fdfc31f6ff",
        "type": "github"
      },
      "original": {
        "owner": "hercules-ci",
        "repo": "flake-parts",
        "type": "github"
      }
    },
    "flake-utils": {
      "inputs": {
        "systems": "systems_2"
      },
      "locked": {
        "lastModified": 1731533236,
        "narHash": "sha256-l0KFg5HjrsfsO/JpG+r7fRrqm12kzFHyUHqHCVpMMbI=",
        "owner": "numtide",
        "repo": "flake-utils",
        "rev": "11707dc2f618dd54ca8739b309ec4fc024de578b",
        "type": "github"
      },
      "original": {
        "owner": "numtide",
        "repo": "flake-utils",
        "type": "github"
      }
    },
    "home-manager": {
      "inputs": {
        "nixpkgs": [
          "qhorgues-config",
          "agenix",
          "nixpkgs"
        ]
      },
      "locked": {
        "lastModified": 1745494811,
        "narHash": "sha256-YZCh2o9Ua1n9uCvrvi5pRxtuVNml8X2a03qIFfRKpFs=",
        "owner": "nix-community",
        "repo": "home-manager",
        "rev": "abfad3d2958c9e6300a883bd443512c55dfeb1be",
        "type": "github"
      },
      "original": {
        "owner": "nix-community",
        "repo": "home-manager",
        "type": "github"
      }
    },
    "home-manager_2": {
      "inputs": {
        "nixpkgs": [
          "qhorgues-config",
          "nixpkgs"
        ]
      },
      "locked": {
        "lastModified": 1778401693,
        "narHash": "sha256-OVHdCqXXUF5UdGkH+FF2ZL06OLZjj2kvP2dIUmzVWoo=",
        "owner": "nix-community",
        "repo": "home-manager",
        "rev": "389b83002efc26f1145e89a6a8e6edc5a6435948",
        "type": "github"
      },
      "original": {
        "owner": "nix-community",
        "ref": "release-25.11",
        "repo": "home-manager",
        "type": "github"
      }
    },
    "nix-cachyos-kernel": {
      "inputs": {
        "cachyos-kernel": "cachyos-kernel",
        "cachyos-kernel-patches": "cachyos-kernel-patches",
        "flake-compat": "flake-compat",
        "flake-parts": "flake-parts",
        "nixpkgs": "nixpkgs"
      },
      "locked": {
        "lastModified": 1778438210,
        "narHash": "sha256-QFqKZ1PvbuXOJfH+QfhEAQW5TVrFBDMc6kRkii4l7uk=",
        "owner": "xddxdd",
        "repo": "nix-cachyos-kernel",
        "rev": "fd9bda8a7986c9d35c4e5462f0be1d42ea529812",
        "type": "github"
      },
      "original": {
        "owner": "xddxdd",
        "ref": "release",
        "repo": "nix-cachyos-kernel",
        "type": "github"
      }
    },
    "nixos-hardware": {
      "locked": {
        "lastModified": 1778143761,
        "narHash": "sha256-lkesY6x2X2qxlqLM7CT2iM/0rP2JB7fruPN3h8POXmI=",
        "owner": "NixOS",
        "repo": "nixos-hardware",
        "rev": "3bcaa367d4c550d687a17ac792fd5cda214ee871",
        "type": "github"
      },
      "original": {
        "owner": "NixOS",
        "repo": "nixos-hardware",
        "type": "github"
      }
    },
    "nixpkgs": {
      "locked": {
        "lastModified": 1778401622,
        "narHash": "sha256-+0rgLm/T6U2I/0KrgUOz5471i6nDVFMihe4Vy/eAmNk=",
        "owner": "NixOS",
        "repo": "nixpkgs",
        "rev": "eeac4f06ba6d4c5540c4838d13b31a2cbe0e104b",
        "type": "github"
      },
      "original": {
        "owner": "NixOS",
        "ref": "nixos-unstable-small",
        "repo": "nixpkgs",
        "type": "github"
      }
    },
    "nixpkgs-lib": {
      "locked": {
        "lastModified": 1777168982,
        "narHash": "sha256-GOkGPcboWE9BmGCRMLX3worL4EMnsnG8MyKmXNeYuhQ=",
        "owner": "nix-community",
        "repo": "nixpkgs.lib",
        "rev": "f5901329dade4a6ea039af1433fb087bd9c1fe14",
        "type": "github"
      },
      "original": {
        "owner": "nix-community",
        "repo": "nixpkgs.lib",
        "type": "github"
      }
    },
    "nixpkgs-unstable": {
      "locked": {
        "lastModified": 1777954456,
        "narHash": "sha256-hGdgeU2Nk87RAuZyYjyDjFL6LK7dAZN5RE9+hrDTkDU=",
        "owner": "NixOS",
        "repo": "nixpkgs",
        "rev": "549bd84d6279f9852cae6225e372cc67fb91a4c1",
        "type": "github"
      },
      "original": {
        "owner": "NixOS",
        "ref": "nixos-unstable",
        "repo": "nixpkgs",
        "type": "github"
      }
    },
    "nixpkgs_2": {
      "locked": {
        "lastModified": 1778430510,
        "narHash": "sha256-Ti+ZBvW6yrWWAg2szExVTwCd4qOJ3KlVr1tFHfyfi8Q=",
        "owner": "NixOS",
        "repo": "nixpkgs",
        "rev": "8fd9daa3db09ced9700431c5b7ad0e8ba199b575",
        "type": "github"
      },
      "original": {
        "owner": "NixOS",
        "ref": "nixos-25.11",
        "repo": "nixpkgs",
        "type": "github"
      }
    },
    "qhorgues-config": {
      "inputs": {
        "agenix": "agenix",
        "coe33": "coe33",
        "firefox-addons": "firefox-addons",
        "home-manager": "home-manager_2",
        "nix-cachyos-kernel": "nix-cachyos-kernel",
        "nixpkgs": "nixpkgs_2",
        "nixpkgs-unstable": [
          "nixpkgs-unstable"
        ]
      },
      "locked": {
        "lastModified": 1778568429,
        "narHash": "sha256-uD38mAnvPlZSUPhFhUzGrS++0n4ScaTdNopj9UN99pU=",
        "owner": "qhorgues",
        "repo": "NixOS-config",
        "rev": "4f9005e3db71422ef7db5cd7b7073d3cf6a3c618",
        "type": "github"
      },
      "original": {
        "owner": "qhorgues",
        "repo": "NixOS-config",
        "type": "github"
      }
    },
    "root": {
      "inputs": {
        "nixos-hardware": "nixos-hardware",
        "nixpkgs": [
          "qhorgues-config",
          "nixpkgs"
        ],
        "nixpkgs-unstable": "nixpkgs-unstable",
        "qhorgues-config": "qhorgues-config"
      }
    },
    "systems": {
      "locked": {
        "lastModified": 1681028828,
        "narHash": "sha256-Vy1rq5AaRuLzOxct8nz4T6wlgyUR7zLU309k9mBC768=",
        "owner": "nix-systems",
        "repo": "default",
        "rev": "da67096a3b9bf56a91d16901293e51ba5b49a27e",
        "type": "github"
      },
      "original": {
        "owner": "nix-systems",
        "repo": "default",
        "type": "github"
      }
    },
    "systems_2": {
      "locked": {
        "lastModified": 1681028828,
        "narHash": "sha256-Vy1rq5AaRuLzOxct8nz4T6wlgyUR7zLU309k9mBC768=",
        "owner": "nix-systems",
        "repo": "default",
        "rev": "da67096a3b9bf56a91d16901293e51ba5b49a27e",
        "type": "github"
      },
      "original": {
        "owner": "nix-systems",
        "repo": "default",
        "type": "github"
      }
    }
  },
  "root": "root",
  "version": 7
}
